
Microsoft Visual Studio Solution File, Format Version 12.00
# Visual Studio Version 17
VisualStudioVersion = 17.5.33530.505
MinimumVisualStudioVersion = 10.0.40219.1
Project("{FAE04EC0-301F-11D3-BF4B-00C04F79EFBC}") = "CSharp Composizione Shop", "CSharp Composizione Shop\CSharp Composizione Shop.csproj", "{71A5164F-C0F0-4FE5-893C-70FF0FB1D554}"
EndProject
Global
	GlobalSection(SolutionConfigurationPlatforms) = preSolution
		Debug|Any CPU = Debug|Any CPU
		Release|Any CPU = Release|Any CPU
	EndGlobalSection
	GlobalSection(ProjectConfigurationPlatforms) = postSolution
		{71A5164F-C0F0-4FE5-893C-70FF0FB1D554}.Debug|Any CPU.ActiveCfg = Debug|Any CPU
		{71A5164F-C0F0-4FE5-893C-70FF0FB1D554}.Debug|Any CPU.Build.0 = Debug|Any CPU
		{71A5164F-C0F0-4FE5-893C-70FF0FB1D554}.Release|Any CPU.ActiveCfg = Release|Any CPU
		{71A5164F-C0F0-4FE5-893C-70FF0FB1D554}.Release|Any CPU.Build.0 = Release|Any CPU
	EndGlobalSection
	GlobalSection(SolutionProperties) = preSolution
		HideSolutionNode = FALSE
	EndGlobalSection
	GlobalSection(ExtensibilityGlobals) = postSolution
		SolutionGuid = {6F6DEBCD-530B-407C-A6F4-AC8102AB29C6}
	EndGlobalSection
EndGlobal
